
Microsoft Visual Studio Solution File, Format Version 12.00
# Visual Studio 15
Project("{FAE04EC0-301F-11D3-BF4B-00C04F79EFBC}") = "FlirThermal", "FlirThermal\FlirThermal.csproj", "{3CE2609D-EA21-4619-BCCF-B4D0032B5863}"
EndProject
Project("{FAE04EC0-301F-11D3-BF4B-00C04F79EFBC}") = "FlirThermalBinding", "FlirThermalBinding\FlirThermalBinding.csproj", "{5E9636B5-63B5-4C80-A836-4E70CD299E29}"
EndProject
Global
	GlobalSection(SolutionConfigurationPlatforms) = preSolution
		Debug|iPhoneSimulator = Debug|iPhoneSimulator
		Release|iPhoneSimulator = Release|iPhoneSimulator
		Debug|iPhone = Debug|iPhone
		Release|iPhone = Release|iPhone
	EndGlobalSection
	GlobalSection(ProjectConfigurationPlatforms) = postSolution
		{3CE2609D-EA21-4619-BCCF-B4D0032B5863}.Debug|iPhoneSimulator.ActiveCfg = Debug|iPhoneSimulator
		{3CE2609D-EA21-4619-BCCF-B4D0032B5863}.Debug|iPhoneSimulator.Build.0 = Debug|iPhoneSimulator
		{3CE2609D-EA21-4619-BCCF-B4D0032B5863}.Release|iPhoneSimulator.ActiveCfg = Release|iPhoneSimulator
		{3CE2609D-EA21-4619-BCCF-B4D0032B5863}.Release|iPhoneSimulator.Build.0 = Release|iPhoneSimulator
		{3CE2609D-EA21-4619-BCCF-B4D0032B5863}.Debug|iPhone.ActiveCfg = Debug|iPhone
		{3CE2609D-EA21-4619-BCCF-B4D0032B5863}.Debug|iPhone.Build.0 = Debug|iPhone
		{3CE2609D-EA21-4619-BCCF-B4D0032B5863}.Release|iPhone.ActiveCfg = Release|iPhone
		{3CE2609D-EA21-4619-BCCF-B4D0032B5863}.Release|iPhone.Build.0 = Release|iPhone
		{5E9636B5-63B5-4C80-A836-4E70CD299E29}.Debug|iPhoneSimulator.ActiveCfg = Debug|Any CPU
		{5E9636B5-63B5-4C80-A836-4E70CD299E29}.Debug|iPhoneSimulator.Build.0 = Debug|Any CPU
		{5E9636B5-63B5-4C80-A836-4E70CD299E29}.Release|iPhoneSimulator.ActiveCfg = Release|Any CPU
		{5E9636B5-63B5-4C80-A836-4E70CD299E29}.Release|iPhoneSimulator.Build.0 = Release|Any CPU
		{5E9636B5-63B5-4C80-A836-4E70CD299E29}.Debug|iPhone.ActiveCfg = Debug|Any CPU
		{5E9636B5-63B5-4C80-A836-4E70CD299E29}.Debug|iPhone.Build.0 = Debug|Any CPU
		{5E9636B5-63B5-4C80-A836-4E70CD299E29}.Release|iPhone.ActiveCfg = Release|Any CPU
		{5E9636B5-63B5-4C80-A836-4E70CD299E29}.Release|iPhone.Build.0 = Release|Any CPU
	EndGlobalSection
EndGlobal
